
Microsoft Visual Studio Solution File, Format Version 12.00
# Visual Studio Version 16
VisualStudioVersion = 16.0.30114.105
MinimumVisualStudioVersion = 10.0.40219.1
Project("{FAE04EC0-301F-11D3-BF4B-00C04F79EFBC}") = "RabbitMqExchanges", "RabbitMqExchanges\RabbitMqExchanges.csproj", "{CD083C36-E76D-4F18-BBF6-F35D51E8D7AF}"
EndProject
Global
	GlobalSection(SolutionConfigurationPlatforms) = preSolution
		Debug|Any CPU = Debug|Any CPU
		Release|Any CPU = Release|Any CPU
	EndGlobalSection
	GlobalSection(ProjectConfigurationPlatforms) = postSolution
		{CD083C36-E76D-4F18-BBF6-F35D51E8D7AF}.Debug|Any CPU.ActiveCfg = Debug|Any CPU
		{CD083C36-E76D-4F18-BBF6-F35D51E8D7AF}.Debug|Any CPU.Build.0 = Debug|Any CPU
		{CD083C36-E76D-4F18-BBF6-F35D51E8D7AF}.Release|Any CPU.ActiveCfg = Release|Any CPU
		{CD083C36-E76D-4F18-BBF6-F35D51E8D7AF}.Release|Any CPU.Build.0 = Release|Any CPU
	EndGlobalSection
	GlobalSection(SolutionProperties) = preSolution
		HideSolutionNode = FALSE
	EndGlobalSection
	GlobalSection(ExtensibilityGlobals) = postSolution
		SolutionGuid = {B37A8737-E6B0-4E36-9A2C-86843AE9355D}
	EndGlobalSection
EndGlobal
